
Microsoft Visual Studio Solution File, Format Version 12.00
# Visual Studio Version 17
VisualStudioVersion = 17.3.32929.385
MinimumVisualStudioVersion = 10.0.40219.1
Project("{FAE04EC0-301F-11D3-BF4B-00C04F79EFBC}") = "test", "test.csproj", "{B6E6CF46-5C65-4FF2-B132-17C2A82055E4}"
EndProject
Global
	GlobalSection(SolutionConfigurationPlatforms) = preSolution
		Debug|Any CPU = Debug|Any CPU
		Release|Any CPU = Release|Any CPU
	EndGlobalSection
	GlobalSection(ProjectConfigurationPlatforms) = postSolution
		{B6E6CF46-5C65-4FF2-B132-17C2A82055E4}.Debug|Any CPU.ActiveCfg = Debug|Any CPU
		{B6E6CF46-5C65-4FF2-B132-17C2A82055E4}.Debug|Any CPU.Build.0 = Debug|Any CPU
		{B6E6CF46-5C65-4FF2-B132-17C2A82055E4}.Release|Any CPU.ActiveCfg = Release|Any CPU
		{B6E6CF46-5C65-4FF2-B132-17C2A82055E4}.Release|Any CPU.Build.0 = Release|Any CPU
	EndGlobalSection
	GlobalSection(SolutionProperties) = preSolution
		HideSolutionNode = FALSE
	EndGlobalSection
	GlobalSection(ExtensibilityGlobals) = postSolution
		SolutionGuid = {A2DEB162-FF00-4DDF-807F-F1A266FD9B49}
	EndGlobalSection
EndGlobal
